
Microsoft Visual Studio Solution File, Format Version 12.00
# Visual Studio Version 17
VisualStudioVersion = 17.10.34928.147
MinimumVisualStudioVersion = 10.0.40219.1
Project("{FAE04EC0-301F-11D3-BF4B-00C04F79EFBC}") = "RestApiTest", "RestApiTest.csproj", "{4A1512CF-62B6-485F-BAF1-4371FF9B1F72}"
EndProject
Global
	GlobalSection(SolutionConfigurationPlatforms) = preSolution
		Debug|Any CPU = Debug|Any CPU
		Release|Any CPU = Release|Any CPU
	EndGlobalSection
	GlobalSection(ProjectConfigurationPlatforms) = postSolution
		{4A1512CF-62B6-485F-BAF1-4371FF9B1F72}.Debug|Any CPU.ActiveCfg = Debug|Any CPU
		{4A1512CF-62B6-485F-BAF1-4371FF9B1F72}.Debug|Any CPU.Build.0 = Debug|Any CPU
		{4A1512CF-62B6-485F-BAF1-4371FF9B1F72}.Release|Any CPU.ActiveCfg = Release|Any CPU
		{4A1512CF-62B6-485F-BAF1-4371FF9B1F72}.Release|Any CPU.Build.0 = Release|Any CPU
	EndGlobalSection
	GlobalSection(SolutionProperties) = preSolution
		HideSolutionNode = FALSE
	EndGlobalSection
	GlobalSection(ExtensibilityGlobals) = postSolution
		SolutionGuid = {1FFFD60E-2A66-411B-BB46-475B6EE4DA60}
	EndGlobalSection
EndGlobal
